
Microsoft Visual Studio Solution File, Format Version 12.00
# Visual Studio Version 16
VisualStudioVersion = 16.0.29728.190
MinimumVisualStudioVersion = 10.0.40219.1
Project("{FAE04EC0-301F-11D3-BF4B-00C04F79EFBC}") = "FindNextBiggerNumber", "FindNextBiggerNumber\FindNextBiggerNumber.csproj", "{19D04102-8C9B-460C-8267-251C65F15EB0}"
EndProject
Project("{2150E333-8FDC-42A3-9474-1A3956D46DE8}") = "Tests", "Tests", "{9CF0307D-315A-47CA-AD2A-9D100CE2ECA0}"
EndProject
Project("{FAE04EC0-301F-11D3-BF4B-00C04F79EFBC}") = "NumberFinderTests", "NumberFinderTests\NumberFinderTests.csproj", "{2E56327E-09C5-4E6A-9FB0-28A5D663338B}"
EndProject
Global
	GlobalSection(SolutionConfigurationPlatforms) = preSolution
		Debug|Any CPU = Debug|Any CPU
		Release|Any CPU = Release|Any CPU
	EndGlobalSection
	GlobalSection(ProjectConfigurationPlatforms) = postSolution
		{19D04102-8C9B-460C-8267-251C65F15EB0}.Debug|Any CPU.ActiveCfg = Debug|Any CPU
		{19D04102-8C9B-460C-8267-251C65F15EB0}.Debug|Any CPU.Build.0 = Debug|Any CPU
		{19D04102-8C9B-460C-8267-251C65F15EB0}.Release|Any CPU.ActiveCfg = Release|Any CPU
		{19D04102-8C9B-460C-8267-251C65F15EB0}.Release|Any CPU.Build.0 = Release|Any CPU
		{2E56327E-09C5-4E6A-9FB0-28A5D663338B}.Debug|Any CPU.ActiveCfg = Debug|Any CPU
		{2E56327E-09C5-4E6A-9FB0-28A5D663338B}.Debug|Any CPU.Build.0 = Debug|Any CPU
		{2E56327E-09C5-4E6A-9FB0-28A5D663338B}.Release|Any CPU.ActiveCfg = Release|Any CPU
		{2E56327E-09C5-4E6A-9FB0-28A5D663338B}.Release|Any CPU.Build.0 = Release|Any CPU
	EndGlobalSection
	GlobalSection(SolutionProperties) = preSolution
		HideSolutionNode = FALSE
	EndGlobalSection
	GlobalSection(NestedProjects) = preSolution
		{2E56327E-09C5-4E6A-9FB0-28A5D663338B} = {9CF0307D-315A-47CA-AD2A-9D100CE2ECA0}
	EndGlobalSection
	GlobalSection(ExtensibilityGlobals) = postSolution
		SolutionGuid = {B029CFAC-131F-439E-A035-08489C609448}
	EndGlobalSection
EndGlobal
