
Microsoft Visual Studio Solution File, Format Version 12.00
# Visual Studio Version 16
VisualStudioVersion = 16.0.29728.190
MinimumVisualStudioVersion = 10.0.40219.1
Project("{FAE04EC0-301F-11D3-BF4B-00C04F79EFBC}") = "FindNextBiggerNumber", "FindNextBiggerNumber\FindNextBiggerNumber.csproj", "{19D04102-8C9B-460C-8267-251C65F15EB0}"
EndProject
Project("{2150E333-8FDC-42A3-9474-1A3956D46DE8}") = "Tests", "Tests", "{9CF0307D-315A-47CA-AD2A-9D100CE2ECA0}"
EndProject
Project("{FAE04EC0-301F-11D3-BF4B-00C04F79EFBC}") = "NumberFinderTests", "NumberFinderTests\NumberFinderTests.csproj", "{2E56327E-09C5-4E6A-9FB0-28A5D663338B}"
EndProject
Project("{FAE04EC0-301F-11D3-BF4B-00C04F79EFBC}") = "FindNumberWithDigit", "FindNumberWithDigit\FindNumberWithDigit.csproj", "{D147261D-2C9E-421A-A15E-B7B88746E9BE}"
EndProject
Project("{FAE04EC0-301F-11D3-BF4B-00C04F79EFBC}") = "FilterDigitTests", "FilterDigitTests\FilterDigitTests.csproj", "{561540B2-E105-47D6-AE57-D6EEF07FCFB9}"
EndProject
Project("{FAE04EC0-301F-11D3-BF4B-00C04F79EFBC}") = "InsertBiteInNumber", "InsertBiteInNumber\InsertBiteInNumber.csproj", "{956E1E15-96CF-496F-912B-59642C3D20CE}"
EndProject
Project("{FAE04EC0-301F-11D3-BF4B-00C04F79EFBC}") = "InserterBiteInNumberTests", "InserterBiteInNumberTests\InserterBiteInNumberTests.csproj", "{2C2CC193-017A-4457-8235-2A46FDE0BD62}"
EndProject
Project("{FAE04EC0-301F-11D3-BF4B-00C04F79EFBC}") = "NewtonsFindsNthRoot", "NewtonsFindsNthRoot\NewtonsFindsNthRoot.csproj", "{FF90ED01-FC7E-4E43-8317-880C438DC637}"
EndProject
Project("{FAE04EC0-301F-11D3-BF4B-00C04F79EFBC}") = "NewtonFinderNthRootTests", "NewtonFinderNthRootTests\NewtonFinderNthRootTests.csproj", "{56B39AE7-2791-42A5-A35C-4FDD9666A15F}"
EndProject
Global
	GlobalSection(SolutionConfigurationPlatforms) = preSolution
		Debug|Any CPU = Debug|Any CPU
		Release|Any CPU = Release|Any CPU
	EndGlobalSection
	GlobalSection(ProjectConfigurationPlatforms) = postSolution
		{19D04102-8C9B-460C-8267-251C65F15EB0}.Debug|Any CPU.ActiveCfg = Debug|Any CPU
		{19D04102-8C9B-460C-8267-251C65F15EB0}.Debug|Any CPU.Build.0 = Debug|Any CPU
		{19D04102-8C9B-460C-8267-251C65F15EB0}.Release|Any CPU.ActiveCfg = Release|Any CPU
		{19D04102-8C9B-460C-8267-251C65F15EB0}.Release|Any CPU.Build.0 = Release|Any CPU
		{2E56327E-09C5-4E6A-9FB0-28A5D663338B}.Debug|Any CPU.ActiveCfg = Debug|Any CPU
		{2E56327E-09C5-4E6A-9FB0-28A5D663338B}.Debug|Any CPU.Build.0 = Debug|Any CPU
		{2E56327E-09C5-4E6A-9FB0-28A5D663338B}.Release|Any CPU.ActiveCfg = Release|Any CPU
		{2E56327E-09C5-4E6A-9FB0-28A5D663338B}.Release|Any CPU.Build.0 = Release|Any CPU
		{D147261D-2C9E-421A-A15E-B7B88746E9BE}.Debug|Any CPU.ActiveCfg = Debug|Any CPU
		{D147261D-2C9E-421A-A15E-B7B88746E9BE}.Debug|Any CPU.Build.0 = Debug|Any CPU
		{D147261D-2C9E-421A-A15E-B7B88746E9BE}.Release|Any CPU.ActiveCfg = Release|Any CPU
		{D147261D-2C9E-421A-A15E-B7B88746E9BE}.Release|Any CPU.Build.0 = Release|Any CPU
		{561540B2-E105-47D6-AE57-D6EEF07FCFB9}.Debug|Any CPU.ActiveCfg = Debug|Any CPU
		{561540B2-E105-47D6-AE57-D6EEF07FCFB9}.Debug|Any CPU.Build.0 = Debug|Any CPU
		{561540B2-E105-47D6-AE57-D6EEF07FCFB9}.Release|Any CPU.ActiveCfg = Release|Any CPU
		{561540B2-E105-47D6-AE57-D6EEF07FCFB9}.Release|Any CPU.Build.0 = Release|Any CPU
		{956E1E15-96CF-496F-912B-59642C3D20CE}.Debug|Any CPU.ActiveCfg = Debug|Any CPU
		{956E1E15-96CF-496F-912B-59642C3D20CE}.Debug|Any CPU.Build.0 = Debug|Any CPU
		{956E1E15-96CF-496F-912B-59642C3D20CE}.Release|Any CPU.ActiveCfg = Release|Any CPU
		{956E1E15-96CF-496F-912B-59642C3D20CE}.Release|Any CPU.Build.0 = Release|Any CPU
		{2C2CC193-017A-4457-8235-2A46FDE0BD62}.Debug|Any CPU.ActiveCfg = Debug|Any CPU
		{2C2CC193-017A-4457-8235-2A46FDE0BD62}.Debug|Any CPU.Build.0 = Debug|Any CPU
		{2C2CC193-017A-4457-8235-2A46FDE0BD62}.Release|Any CPU.ActiveCfg = Release|Any CPU
		{2C2CC193-017A-4457-8235-2A46FDE0BD62}.Release|Any CPU.Build.0 = Release|Any CPU
		{FF90ED01-FC7E-4E43-8317-880C438DC637}.Debug|Any CPU.ActiveCfg = Debug|Any CPU
		{FF90ED01-FC7E-4E43-8317-880C438DC637}.Debug|Any CPU.Build.0 = Debug|Any CPU
		{FF90ED01-FC7E-4E43-8317-880C438DC637}.Release|Any CPU.ActiveCfg = Release|Any CPU
		{FF90ED01-FC7E-4E43-8317-880C438DC637}.Release|Any CPU.Build.0 = Release|Any CPU
		{56B39AE7-2791-42A5-A35C-4FDD9666A15F}.Debug|Any CPU.ActiveCfg = Debug|Any CPU
		{56B39AE7-2791-42A5-A35C-4FDD9666A15F}.Debug|Any CPU.Build.0 = Debug|Any CPU
		{56B39AE7-2791-42A5-A35C-4FDD9666A15F}.Release|Any CPU.ActiveCfg = Release|Any CPU
		{56B39AE7-2791-42A5-A35C-4FDD9666A15F}.Release|Any CPU.Build.0 = Release|Any CPU
	EndGlobalSection
	GlobalSection(SolutionProperties) = preSolution
		HideSolutionNode = FALSE
	EndGlobalSection
	GlobalSection(NestedProjects) = preSolution
		{2E56327E-09C5-4E6A-9FB0-28A5D663338B} = {9CF0307D-315A-47CA-AD2A-9D100CE2ECA0}
		{561540B2-E105-47D6-AE57-D6EEF07FCFB9} = {9CF0307D-315A-47CA-AD2A-9D100CE2ECA0}
		{2C2CC193-017A-4457-8235-2A46FDE0BD62} = {9CF0307D-315A-47CA-AD2A-9D100CE2ECA0}
		{56B39AE7-2791-42A5-A35C-4FDD9666A15F} = {9CF0307D-315A-47CA-AD2A-9D100CE2ECA0}
	EndGlobalSection
	GlobalSection(ExtensibilityGlobals) = postSolution
		SolutionGuid = {B029CFAC-131F-439E-A035-08489C609448}
	EndGlobalSection
EndGlobal
